
Microsoft Visual Studio Solution File, Format Version 12.00
# Visual Studio Version 17
VisualStudioVersion = 17.10.34916.146
MinimumVisualStudioVersion = 10.0.40219.1
Project("{FAE04EC0-301F-11D3-BF4B-00C04F79EFBC}") = "SimpleServiceManager", "src\SimpleServiceManager\SimpleServiceManager.csproj", "{DFC8A0A1-AB26-40DE-BF5C-B1C93E899056}"
EndProject
Project("{FAE04EC0-301F-11D3-BF4B-00C04F79EFBC}") = "TestAPI", "test\TestAPI\TestAPI.csproj", "{FF1745CA-1819-4616-81C6-639681725124}"
EndProject
Project("{FAE04EC0-301F-11D3-BF4B-00C04F79EFBC}") = "TestConsoleApp", "test\TestConsoleApp\TestConsoleApp.csproj", "{07339FF8-4C3D-450F-8D09-185EE99EBB34}"
EndProject
Global
	GlobalSection(SolutionConfigurationPlatforms) = preSolution
		Debug|Any CPU = Debug|Any CPU
		Release|Any CPU = Release|Any CPU
	EndGlobalSection
	GlobalSection(ProjectConfigurationPlatforms) = postSolution
		{DFC8A0A1-AB26-40DE-BF5C-B1C93E899056}.Debug|Any CPU.ActiveCfg = Debug|Any CPU
		{DFC8A0A1-AB26-40DE-BF5C-B1C93E899056}.Debug|Any CPU.Build.0 = Debug|Any CPU
		{DFC8A0A1-AB26-40DE-BF5C-B1C93E899056}.Release|Any CPU.ActiveCfg = Release|Any CPU
		{DFC8A0A1-AB26-40DE-BF5C-B1C93E899056}.Release|Any CPU.Build.0 = Release|Any CPU
		{FF1745CA-1819-4616-81C6-639681725124}.Debug|Any CPU.ActiveCfg = Debug|Any CPU
		{FF1745CA-1819-4616-81C6-639681725124}.Debug|Any CPU.Build.0 = Debug|Any CPU
		{FF1745CA-1819-4616-81C6-639681725124}.Release|Any CPU.ActiveCfg = Release|Any CPU
		{FF1745CA-1819-4616-81C6-639681725124}.Release|Any CPU.Build.0 = Release|Any CPU
		{07339FF8-4C3D-450F-8D09-185EE99EBB34}.Debug|Any CPU.ActiveCfg = Debug|Any CPU
		{07339FF8-4C3D-450F-8D09-185EE99EBB34}.Debug|Any CPU.Build.0 = Debug|Any CPU
		{07339FF8-4C3D-450F-8D09-185EE99EBB34}.Release|Any CPU.ActiveCfg = Release|Any CPU
		{07339FF8-4C3D-450F-8D09-185EE99EBB34}.Release|Any CPU.Build.0 = Release|Any CPU
	EndGlobalSection
	GlobalSection(SolutionProperties) = preSolution
		HideSolutionNode = FALSE
	EndGlobalSection
	GlobalSection(ExtensibilityGlobals) = postSolution
		SolutionGuid = {8870E886-CB95-4581-B6BE-CF0BF514A189}
	EndGlobalSection
	GlobalSection(RiderSharedRunConfigurations) = postSolution
		File = .publish\Publish SimpleServiceManager to folder.run.xml
	EndGlobalSection
EndGlobal
